{
  "nodes": {
    "agenix": {
      "inputs": {
        "darwin": "darwin",
        "home-manager": "home-manager",
        "nixpkgs": [
          "nixpkgs"
        ],
        "systems": "systems"
      },
      "locked": {
        "lastModified": 1770165109,
        "narHash": "sha256-9VnK6Oqai65puVJ4WYtCTvlJeXxMzAp/69HhQuTdl/I=",
        "owner": "ryantm",
        "repo": "agenix",
        "rev": "b027ee29d959fda4b60b57566d64c98a202e0feb",
        "type": "github"
      },
      "original": {
        "owner": "ryantm",
        "repo": "agenix",
        "type": "github"
      }
    },
    "claude-desktop": {
      "inputs": {
        "flake-utils": "flake-utils",
        "nixpkgs": "nixpkgs"
      },
      "locked": {
        "lastModified": 1764098187,
        "narHash": "sha256-H6JjWXhKqxZ8QLMoqndZx9e5x0Sv5AiipSmqvIxIbgo=",
        "owner": "k3d3",
        "repo": "claude-desktop-linux-flake",
        "rev": "b2b040cb68231d2118906507d9cc8fd181ca6308",
        "type": "github"
      },
      "original": {
        "owner": "k3d3",
        "repo": "claude-desktop-linux-flake",
        "type": "github"
      }
    },
    "darwin": {
      "inputs": {
        "nixpkgs": [
          "agenix",
          "nixpkgs"
        ]
      },
      "locked": {
        "lastModified": 1744478979,
        "narHash": "sha256-dyN+teG9G82G+m+PX/aSAagkC+vUv0SgUw3XkPhQodQ=",
        "owner": "lnl7",
        "repo": "nix-darwin",
        "rev": "43975d782b418ebf4969e9ccba82466728c2851b",
        "type": "github"
      },
      "original": {
        "owner": "lnl7",
        "ref": "master",
        "repo": "nix-darwin",
        "type": "github"
      }
    },
    "flake-parts": {
      "inputs": {
        "nixpkgs-lib": [
          "nixvim",
          "nixpkgs"
        ]
      },
      "locked": {
        "lastModified": 1782949081,
        "narHash": "sha256-vp6Y/Grm98ESt6ceOkWiHWyZRDV3J1RID4w+6NWK9yA=",
        "owner": "hercules-ci",
        "repo": "flake-parts",
        "rev": "17c9d6cdfc60c64f4ee8d306f9bc0b4ccb51481e",
        "type": "github"
      },
      "original": {
        "owner": "hercules-ci",
        "repo": "flake-parts",
        "type": "github"
      }
    },
    "flake-utils": {
      "inputs": {
        "systems": "systems_2"
      },
      "locked": {
        "lastModified": 1731533236,
        "narHash": "sha256-l0KFg5HjrsfsO/JpG+r7fRrqm12kzFHyUHqHCVpMMbI=",
        "owner": "numtide",
        "repo": "flake-utils",
        "rev": "11707dc2f618dd54ca8739b309ec4fc024de578b",
        "type": "github"
      },
      "original": {
        "owner": "numtide",
        "repo": "flake-utils",
        "type": "github"
      }
    },
    "home-manager": {
      "inputs": {
        "nixpkgs": [
          "agenix",
          "nixpkgs"
        ]
      },
      "locked": {
        "lastModified": 1745494811,
        "narHash": "sha256-YZCh2o9Ua1n9uCvrvi5pRxtuVNml8X2a03qIFfRKpFs=",
        "owner": "nix-community",
        "repo": "home-manager",
        "rev": "abfad3d2958c9e6300a883bd443512c55dfeb1be",
        "type": "github"
      },
      "original": {
        "owner": "nix-community",
        "repo": "home-manager",
        "type": "github"
      }
    },
    "home-manager_2": {
      "inputs": {
        "nixpkgs": [
          "nixpkgs"
        ]
      },
      "locked": {
        "lastModified": 1786031233,
        "narHash": "sha256-TIDlLTLI1/pB7IqgjzcKQjpODQsZE2oII4XGG9B6KjI=",
        "owner": "nix-community",
        "repo": "home-manager",
        "rev": "7834e82588860aaf780cec1366524456a70898d7",
        "type": "github"
      },
      "original": {
        "owner": "nix-community",
        "repo": "home-manager",
        "type": "github"
      }
    },
    "home-manager_3": {
      "inputs": {
        "nixpkgs": [
          "zen-browser",
          "nixpkgs"
        ]
      },
      "locked": {
        "lastModified": 1785531816,
        "narHash": "sha256-vkMnV0JIyw+g/NmcfoajlGaAO+9a0ezia+FZohQJrik=",
        "owner": "nix-community",
        "repo": "home-manager",
        "rev": "bf9ce9fec78f95f374e8dd3b503863a3ec128ebe",
        "type": "github"
      },
      "original": {
        "owner": "nix-community",
        "repo": "home-manager",
        "type": "github"
      }
    },
    "nixpkgs": {
      "locked": {
        "lastModified": 1767313136,
        "narHash": "sha256-16KkgfdYqjaeRGBaYsNrhPRRENs0qzkQVUooNHtoy2w=",
        "owner": "NixOS",
        "repo": "nixpkgs",
        "rev": "ac62194c3917d5f474c1a844b6fd6da2db95077d",
        "type": "github"
      },
      "original": {
        "owner": "NixOS",
        "ref": "nixos-25.05",
        "repo": "nixpkgs",
        "type": "github"
      }
    },
    "nixpkgs-cc": {
      "locked": {
        "lastModified": 1785967620,
        "narHash": "sha256-IItrdb7Puk05RqOBWZYFC5X6Wl1sJmCfh5MWVHw5iMM=",
        "owner": "NixOS",
        "repo": "nixpkgs",
        "rev": "b7c2ada94fe99c15b0dbcf4d11fd7850b957a436",
        "type": "github"
      },
      "original": {
        "owner": "NixOS",
        "ref": "nixos-unstable",
        "repo": "nixpkgs",
        "type": "github"
      }
    },
    "nixpkgs_2": {
      "locked": {
        "lastModified": 1785967620,
        "narHash": "sha256-IItrdb7Puk05RqOBWZYFC5X6Wl1sJmCfh5MWVHw5iMM=",
        "owner": "NixOS",
        "repo": "nixpkgs",
        "rev": "b7c2ada94fe99c15b0dbcf4d11fd7850b957a436",
        "type": "github"
      },
      "original": {
        "owner": "NixOS",
        "ref": "nixos-unstable",
        "repo": "nixpkgs",
        "type": "github"
      }
    },
    "nixpkgs_3": {
      "locked": {
        "lastModified": 1785571196,
        "narHash": "sha256-xwSqxTsama0YTtS78+4YyCm6jJg09v78QWfP1cAyoVA=",
        "rev": "148bab9c1c3c53136ecb44a6ea356a0ed5b39b06",
        "type": "tarball",
        "url": "https://releases.nixos.org/nixos/unstable/nixos-26.11pre1045728.148bab9c1c3c/nixexprs.tar.xz"
      },
      "original": {
        "type": "tarball",
        "url": "https://channels.nixos.org/nixos-unstable/nixexprs.tar.xz"
      }
    },
    "nixvim": {
      "inputs": {
        "flake-parts": "flake-parts",
        "nixpkgs": [
          "nixpkgs"
        ],
        "systems": "systems_3"
      },
      "locked": {
        "lastModified": 1785763201,
        "narHash": "sha256-wA373y/B9orM3HatLu9oS+Ke5lmdZyBl/bdjd2gLMq4=",
        "owner": "nix-community",
        "repo": "nixvim",
        "rev": "c7be49306b23a952c0151cf4bbeacd944ed82f2a",
        "type": "github"
      },
      "original": {
        "owner": "nix-community",
        "repo": "nixvim",
        "type": "github"
      }
    },
    "noctalia": {
      "inputs": {
        "nixpkgs": "nixpkgs_3"
      },
      "locked": {
        "lastModified": 1786115669,
        "narHash": "sha256-+UpdMASvCJgEejw4SZbhefk/9oboIDR2s8gezsYjulg=",
        "owner": "noctalia-dev",
        "repo": "noctalia",
        "rev": "e9230c81beb2513e4a4b09884f37e4f22fc246de",
        "type": "github"
      },
      "original": {
        "owner": "noctalia-dev",
        "ref": "cachix",
        "repo": "noctalia",
        "type": "github"
      }
    },
    "noctalia-community-plugins": {
      "flake": false,
      "locked": {
        "lastModified": 1786156551,
        "narHash": "sha256-Vj4Q5TeMwA7uqMxsXxC29twuB0sDtq0NezAJhhwDq8k=",
        "owner": "noctalia-dev",
        "repo": "community-plugins",
        "rev": "31d092f76f12fe6859296d045bbb256aec1c71bc",
        "type": "github"
      },
      "original": {
        "owner": "noctalia-dev",
        "repo": "community-plugins",
        "type": "github"
      }
    },
    "noctalia-official-plugins": {
      "flake": false,
      "locked": {
        "lastModified": 1785642541,
        "narHash": "sha256-6QDLMbYqlSL643XQk+h8x7ltHPdTIaC4K2AjT8dHuDA=",
        "owner": "noctalia-dev",
        "repo": "official-plugins",
        "rev": "c1369385bd71cfad30614dbc6679eb7df752bc94",
        "type": "github"
      },
      "original": {
        "owner": "noctalia-dev",
        "repo": "official-plugins",
        "type": "github"
      }
    },
    "ouch-yazi": {
      "flake": false,
      "locked": {
        "lastModified": 1772505001,
        "narHash": "sha256-14x/bD0aD9hXONaqQD8Dt7rLBCMq7bkVLH6uCPOQ0C8=",
        "owner": "ndtoan96",
        "repo": "ouch.yazi",
        "rev": "406ce6c13ec3a18d4872b8f64b62f4a530759b2c",
        "type": "github"
      },
      "original": {
        "owner": "ndtoan96",
        "repo": "ouch.yazi",
        "type": "github"
      }
    },
    "root": {
      "inputs": {
        "agenix": "agenix",
        "claude-desktop": "claude-desktop",
        "home-manager": "home-manager_2",
        "nixpkgs": "nixpkgs_2",
        "nixpkgs-cc": "nixpkgs-cc",
        "nixvim": "nixvim",
        "noctalia": "noctalia",
        "noctalia-community-plugins": "noctalia-community-plugins",
        "noctalia-official-plugins": "noctalia-official-plugins",
        "ouch-yazi": "ouch-yazi",
        "starship-yazi": "starship-yazi",
        "torlink": "torlink",
        "yazi-plugins": "yazi-plugins",
        "zen-browser": "zen-browser"
      }
    },
    "starship-yazi": {
      "flake": false,
      "locked": {
        "lastModified": 1781463098,
        "narHash": "sha256-I21to4cxlszRpsb58cvsmwX7VglQBSJC0rrsFIltzC8=",
        "owner": "Rolv-Apneseth",
        "repo": "starship.yazi",
        "rev": "159eaba5b5052bf78ff6cfbfe4e527b946818c82",
        "type": "github"
      },
      "original": {
        "owner": "Rolv-Apneseth",
        "repo": "starship.yazi",
        "type": "github"
      }
    },
    "systems": {
      "locked": {
        "lastModified": 1681028828,
        "narHash": "sha256-Vy1rq5AaRuLzOxct8nz4T6wlgyUR7zLU309k9mBC768=",
        "owner": "nix-systems",
        "repo": "default",
        "rev": "da67096a3b9bf56a91d16901293e51ba5b49a27e",
        "type": "github"
      },
      "original": {
        "owner": "nix-systems",
        "repo": "default",
        "type": "github"
      }
    },
    "systems_2": {
      "locked": {
        "lastModified": 1681028828,
        "narHash": "sha256-Vy1rq5AaRuLzOxct8nz4T6wlgyUR7zLU309k9mBC768=",
        "owner": "nix-systems",
        "repo": "default",
        "rev": "da67096a3b9bf56a91d16901293e51ba5b49a27e",
        "type": "github"
      },
      "original": {
        "owner": "nix-systems",
        "repo": "default",
        "type": "github"
      }
    },
    "systems_3": {
      "locked": {
        "lastModified": 1774449309,
        "narHash": "sha256-brhZ8DmuGtzkCYHJg4HEd602amKm89Y9ytsFZ5uWD1w=",
        "owner": "nix-systems",
        "repo": "default",
        "rev": "c29398b59d2048c4ab79345812849c9bd15e9150",
        "type": "github"
      },
      "original": {
        "owner": "nix-systems",
        "ref": "future-26.11",
        "repo": "default",
        "type": "github"
      }
    },
    "torlink": {
      "inputs": {
        "nixpkgs": [
          "nixpkgs"
        ]
      },
      "locked": {
        "lastModified": 1785965263,
        "narHash": "sha256-+4vxusRJRsmDCq2QowIRPoXXuagdb4R/z7lYh7kcqpc=",
        "owner": "baairon",
        "repo": "torlink",
        "rev": "7b297462f69e504efbb543266f4833f80d5fe343",
        "type": "github"
      },
      "original": {
        "owner": "baairon",
        "repo": "torlink",
        "type": "github"
      }
    },
    "yazi-plugins": {
      "flake": false,
      "locked": {
        "lastModified": 1786091625,
        "narHash": "sha256-IDmmXzQKFx3QZ9u5lMwcTOeWeMPWzIBeKBXkGAgJMaI=",
        "owner": "yazi-rs",
        "repo": "plugins",
        "rev": "0be29a913ad61c6d119abfaaf253e96e6af5db67",
        "type": "github"
      },
      "original": {
        "owner": "yazi-rs",
        "repo": "plugins",
        "type": "github"
      }
    },
    "zen-browser": {
      "inputs": {
        "home-manager": "home-manager_3",
        "nixpkgs": [
          "nixpkgs"
        ]
      },
      "locked": {
        "lastModified": 1786171986,
        "narHash": "sha256-kvmCZLYbByuE+zskqtf5+UPGrFI8e8KspB8jVey0nj0=",
        "owner": "0xc000022070",
        "repo": "zen-browser-flake",
        "rev": "f3a721857afb4c34f687390213e0bc034d8e4999",
        "type": "github"
      },
      "original": {
        "owner": "0xc000022070",
        "repo": "zen-browser-flake",
        "type": "github"
      }
    }
  },
  "root": "root",
  "version": 7
}
